
Microsoft Visual Studio Solution File, Format Version 12.00
# Visual Studio Version 16
VisualStudioVersion = 16.0.29609.76
MinimumVisualStudioVersion = 10.0.40219.1
Project("{9A19103F-16F7-4668-BE54-9A1E7A4F7556}") = "Spectator", "Spectator.csproj", "{A292066C-8E27-472B-B2DD-89482DAFAB30}"
EndProject
Global
	GlobalSection(SolutionConfigurationPlatforms) = preSolution
		Debug|Any CPU = Debug|Any CPU
		Release|Any CPU = Release|Any CPU
	EndGlobalSection
	GlobalSection(ProjectConfigurationPlatforms) = postSolution
		{A292066C-8E27-472B-B2DD-89482DAFAB30}.Debug|Any CPU.ActiveCfg = Debug|Any CPU
		{A292066C-8E27-472B-B2DD-89482DAFAB30}.Debug|Any CPU.Build.0 = Debug|Any CPU
		{A292066C-8E27-472B-B2DD-89482DAFAB30}.Release|Any CPU.ActiveCfg = Release|Any CPU
		{A292066C-8E27-472B-B2DD-89482DAFAB30}.Release|Any CPU.Build.0 = Release|Any CPU
	EndGlobalSection
	GlobalSection(SolutionProperties) = preSolution
		HideSolutionNode = FALSE
	EndGlobalSection
	GlobalSection(ExtensibilityGlobals) = postSolution
		SolutionGuid = {6CA2E352-D988-4C78-838E-750A6EF2363A}
	EndGlobalSection
EndGlobal
